
Microsoft Visual Studio Solution File, Format Version 12.00
# Visual Studio 15
VisualStudioVersion = 15.0.27703.2000
MinimumVisualStudioVersion = 10.0.40219.1
Project("{FAE04EC0-301F-11D3-BF4B-00C04F79EFBC}") = "FilesUpload.AzureFunction", "FilesUploap.AzureFunction\FilesUpload.AzureFunction.csproj", "{4DB28422-E539-426D-A602-D9FBF3A8C64F}"
EndProject
Global
	GlobalSection(SolutionConfigurationPlatforms) = preSolution
		Debug|Any CPU = Debug|Any CPU
		Release|Any CPU = Release|Any CPU
	EndGlobalSection
	GlobalSection(ProjectConfigurationPlatforms) = postSolution
		{4DB28422-E539-426D-A602-D9FBF3A8C64F}.Debug|Any CPU.ActiveCfg = Debug|Any CPU
		{4DB28422-E539-426D-A602-D9FBF3A8C64F}.Debug|Any CPU.Build.0 = Debug|Any CPU
		{4DB28422-E539-426D-A602-D9FBF3A8C64F}.Release|Any CPU.ActiveCfg = Release|Any CPU
		{4DB28422-E539-426D-A602-D9FBF3A8C64F}.Release|Any CPU.Build.0 = Release|Any CPU
	EndGlobalSection
	GlobalSection(SolutionProperties) = preSolution
		HideSolutionNode = FALSE
	EndGlobalSection
	GlobalSection(ExtensibilityGlobals) = postSolution
		SolutionGuid = {5ABBF434-B147-4921-8E51-605FB07597BE}
	EndGlobalSection
EndGlobal
